
Microsoft Visual Studio Solution File, Format Version 12.00
# Visual Studio Version 16
VisualStudioVersion = 16.0.30907.101
MinimumVisualStudioVersion = 10.0.40219.1
Project("{FAE04EC0-301F-11D3-BF4B-00C04F79EFBC}") = "Gestion de congé", "Gestion de congé.csproj", "{5FE98C4E-73F4-49DD-96A5-CDBADEB78D79}"
EndProject
Project("{54435603-DBB4-11D2-8724-00A0C9A8B90C}") = "Setup_congé", "..\Setup_congé\Setup_congé.vdproj", "{435400CC-5C71-4348-BC3C-9B7C441C92B1}"
EndProject
Global
	GlobalSection(SolutionConfigurationPlatforms) = preSolution
		Debug|Any CPU = Debug|Any CPU
		Release|Any CPU = Release|Any CPU
	EndGlobalSection
	GlobalSection(ProjectConfigurationPlatforms) = postSolution
		{5FE98C4E-73F4-49DD-96A5-CDBADEB78D79}.Debug|Any CPU.ActiveCfg = Debug|Any CPU
		{5FE98C4E-73F4-49DD-96A5-CDBADEB78D79}.Debug|Any CPU.Build.0 = Debug|Any CPU
		{5FE98C4E-73F4-49DD-96A5-CDBADEB78D79}.Release|Any CPU.ActiveCfg = Release|Any CPU
		{5FE98C4E-73F4-49DD-96A5-CDBADEB78D79}.Release|Any CPU.Build.0 = Release|Any CPU
		{435400CC-5C71-4348-BC3C-9B7C441C92B1}.Debug|Any CPU.ActiveCfg = Debug
		{435400CC-5C71-4348-BC3C-9B7C441C92B1}.Release|Any CPU.ActiveCfg = Release
	EndGlobalSection
	GlobalSection(SolutionProperties) = preSolution
		HideSolutionNode = FALSE
	EndGlobalSection
	GlobalSection(ExtensibilityGlobals) = postSolution
		SolutionGuid = {D1CBAF87-87CA-4EB6-AFDB-6AA9CE14A5A5}
	EndGlobalSection
EndGlobal
